
Microsoft Visual Studio Solution File, Format Version 12.00
# Visual Studio Version 17
VisualStudioVersion = 17.10.35122.118
MinimumVisualStudioVersion = 10.0.40219.1
Project("{FAE04EC0-301F-11D3-BF4B-00C04F79EFBC}") = "Game1", "Game1\Game1.csproj", "{A56CA6F7-2964-4291-A036-8D8B26536257}"
EndProject
Global
	GlobalSection(SolutionConfigurationPlatforms) = preSolution
		Debug|Any CPU = Debug|Any CPU
		Release|Any CPU = Release|Any CPU
	EndGlobalSection
	GlobalSection(ProjectConfigurationPlatforms) = postSolution
		{A56CA6F7-2964-4291-A036-8D8B26536257}.Debug|Any CPU.ActiveCfg = Debug|Any CPU
		{A56CA6F7-2964-4291-A036-8D8B26536257}.Debug|Any CPU.Build.0 = Debug|Any CPU
		{A56CA6F7-2964-4291-A036-8D8B26536257}.Release|Any CPU.ActiveCfg = Release|Any CPU
		{A56CA6F7-2964-4291-A036-8D8B26536257}.Release|Any CPU.Build.0 = Release|Any CPU
	EndGlobalSection
	GlobalSection(SolutionProperties) = preSolution
		HideSolutionNode = FALSE
	EndGlobalSection
	GlobalSection(ExtensibilityGlobals) = postSolution
		SolutionGuid = {D1046801-6804-4C6A-A85A-5B84A32E20DA}
	EndGlobalSection
EndGlobal
